
Microsoft Visual Studio Solution File, Format Version 12.00
Project("{FAE04EC0-301F-11D3-BF4B-00C04F79EFBC}") = "TddKatas", "TddKatas\TddKatas.csproj", "{28CF204F-6310-4F81-B3AA-D5DDCA8AE36D}"
EndProject
Project("{FAE04EC0-301F-11D3-BF4B-00C04F79EFBC}") = "TddKatas.Tests", "TddKatas.Tests\TddKatas.Tests.csproj", "{72D51C39-C2E0-400B-9574-4F181F6693C0}"
EndProject
Global
	GlobalSection(SolutionConfigurationPlatforms) = preSolution
		Debug|Any CPU = Debug|Any CPU
		Release|Any CPU = Release|Any CPU
	EndGlobalSection
	GlobalSection(ProjectConfigurationPlatforms) = postSolution
		{28CF204F-6310-4F81-B3AA-D5DDCA8AE36D}.Debug|Any CPU.ActiveCfg = Debug|Any CPU
		{28CF204F-6310-4F81-B3AA-D5DDCA8AE36D}.Debug|Any CPU.Build.0 = Debug|Any CPU
		{28CF204F-6310-4F81-B3AA-D5DDCA8AE36D}.Release|Any CPU.ActiveCfg = Release|Any CPU
		{28CF204F-6310-4F81-B3AA-D5DDCA8AE36D}.Release|Any CPU.Build.0 = Release|Any CPU
		{72D51C39-C2E0-400B-9574-4F181F6693C0}.Debug|Any CPU.ActiveCfg = Debug|Any CPU
		{72D51C39-C2E0-400B-9574-4F181F6693C0}.Debug|Any CPU.Build.0 = Debug|Any CPU
		{72D51C39-C2E0-400B-9574-4F181F6693C0}.Release|Any CPU.ActiveCfg = Release|Any CPU
		{72D51C39-C2E0-400B-9574-4F181F6693C0}.Release|Any CPU.Build.0 = Release|Any CPU
	EndGlobalSection
EndGlobal
